// !$*UTF8*$!
{
	archiveVersion = 1;
	classes = {
	};
	objectVersion = 46;
	objects = {

/* Begin PBXBuildFile section */
		B321066E95D1126F3C021575 /* Pods_mobile_inbox.framework in Frameworks */ = {isa = PBXBuildFile; fileRef = 9BAD34C4D9B4D71718C8895E /* Pods_mobile_inbox.framework */; };
		F310E9591F238CE5005D8F46 /* AuthCookieClient.swift in Sources */ = {isa = PBXBuildFile; fileRef = F310E9581F238CE5005D8F46 /* AuthCookieClient.swift */; };
		F310E95B1F2391E1005D8F46 /* LoginExample in Resources */ = {isa = PBXBuildFile; fileRef = F310E95A1F2391E1005D8F46 /* LoginExample */; };
		F3E73C601F23451500920EAD /* AppDelegate.swift in Sources */ = {isa = PBXBuildFile; fileRef = F3E73C5F1F23451500920EAD /* AppDelegate.swift */; };
		F3E73C621F23451500920EAD /* ViewController.swift in Sources */ = {isa = PBXBuildFile; fileRef = F3E73C611F23451500920EAD /* ViewController.swift */; };
		F3E73C651F23451500920EAD /* Main.storyboard in Resources */ = {isa = PBXBuildFile; fileRef = F3E73C631F23451500920EAD /* Main.storyboard */; };
		F3E73C671F23451500920EAD /* Assets.xcassets in Resources */ = {isa = PBXBuildFile; fileRef = F3E73C661F23451500920EAD /* Assets.xcassets */; };
		F3E73C6A1F23451500920EAD /* LaunchScreen.storyboard in Resources */ = {isa = PBXBuildFile; fileRef = F3E73C681F23451500920EAD /* LaunchScreen.storyboard */; };
		F3E73C751F23451500920EAD /* mobile_inboxTests.swift in Sources */ = {isa = PBXBuildFile; fileRef = F3E73C741F23451500920EAD /* mobile_inboxTests.swift */; };
		F3E73C801F23451500920EAD /* mobile_inboxUITests.swift in Sources */ = {isa = PBXBuildFile; fileRef = F3E73C7F1F23451500920EAD /* mobile_inboxUITests.swift */; };
		F3E73C8F1F23493B00920EAD /* RestProtocol.swift in Sources */ = {isa = PBXBuildFile; fileRef = F3E73C8E1F23493B00920EAD /* RestProtocol.swift */; };
		F3E73C911F234A4800920EAD /* RestHelper.swift in Sources */ = {isa = PBXBuildFile; fileRef = F3E73C901F234A4800920EAD /* RestHelper.swift */; };
/* End PBXBuildFile section */

/* Begin PBXContainerItemProxy section */
		F3E73C711F23451500920EAD /* PBXContainerItemProxy */ = {
			isa = PBXContainerItemProxy;
			containerPortal = F3E73C541F23451500920EAD /* Project object */;
			proxyType = 1;
			remoteGlobalIDString = F3E73C5B1F23451500920EAD;
			remoteInfo = "mobile-inbox";
		};
		F3E73C7C1F23451500920EAD /* PBXContainerItemProxy */ = {
			isa = PBXContainerItemProxy;
			containerPortal = F3E73C541F23451500920EAD /* Project object */;
			proxyType = 1;
			remoteGlobalIDString = F3E73C5B1F23451500920EAD;
			remoteInfo = "mobile-inbox";
		};
/* End PBXContainerItemProxy section */

/* Begin PBXFileReference section */
		2947AF1B8E7FADC6E1929AAA /* Pods-mobile-inbox.release.xcconfig */ = {isa = PBXFileReference; includeInIndex = 1; lastKnownFileType = text.xcconfig; name = "Pods-mobile-inbox.release.xcconfig"; path = "Pods/Target Support Files/Pods-mobile-inbox/Pods-mobile-inbox.release.xcconfig"; sourceTree = "<group>"; };
		6B04C086585D4CF095ECBBEB /* Pods-mobile-inbox.debug.xcconfig */ = {isa = PBXFileReference; includeInIndex = 1; lastKnownFileType = text.xcconfig; name = "Pods-mobile-inbox.debug.xcconfig"; path = "Pods/Target Support Files/Pods-mobile-inbox/Pods-mobile-inbox.debug.xcconfig"; sourceTree = "<group>"; };
		9BAD34C4D9B4D71718C8895E /* Pods_mobile_inbox.framework */ = {isa = PBXFileReference; explicitFileType = wrapper.framework; includeInIndex = 0; path = Pods_mobile_inbox.framework; sourceTree = BUILT_PRODUCTS_DIR; };
		F310E9581F238CE5005D8F46 /* AuthCookieClient.swift */ = {isa = PBXFileReference; fileEncoding = 4; lastKnownFileType = sourcecode.swift; name = AuthCookieClient.swift; path = OpenIAM/Sources/AuthCookieClient.swift; sourceTree = "<group>"; };
		F310E95A1F2391E1005D8F46 /* LoginExample */ = {isa = PBXFileReference; fileEncoding = 4; lastKnownFileType = text; name = LoginExample; path = OpenIAM/Sources/LoginExample; sourceTree = "<group>"; };
		F3E73C5C1F23451500920EAD /* mobile-inbox.app */ = {isa = PBXFileReference; explicitFileType = wrapper.application; includeInIndex = 0; path = "mobile-inbox.app"; sourceTree = BUILT_PRODUCTS_DIR; };
		F3E73C5F1F23451500920EAD /* AppDelegate.swift */ = {isa = PBXFileReference; lastKnownFileType = sourcecode.swift; path = AppDelegate.swift; sourceTree = "<group>"; };
		F3E73C611F23451500920EAD /* ViewController.swift */ = {isa = PBXFileReference; lastKnownFileType = sourcecode.swift; path = ViewController.swift; sourceTree = "<group>"; };
		F3E73C641F23451500920EAD /* Base */ = {isa = PBXFileReference; lastKnownFileType = file.storyboard; name = Base; path = Base.lproj/Main.storyboard; sourceTree = "<group>"; };
		F3E73C661F23451500920EAD /* Assets.xcassets */ = {isa = PBXFileReference; lastKnownFileType = folder.assetcatalog; path = Assets.xcassets; sourceTree = "<group>"; };
		F3E73C691F23451500920EAD /* Base */ = {isa = PBXFileReference; lastKnownFileType = file.storyboard; name = Base; path = Base.lproj/LaunchScreen.storyboard; sourceTree = "<group>"; };
		F3E73C6B1F23451500920EAD /* Info.plist */ = {isa = PBXFileReference; lastKnownFileType = text.plist.xml; path = Info.plist; sourceTree = "<group>"; };
		F3E73C701F23451500920EAD /* mobile-inboxTests.xctest */ = {isa = PBXFileReference; explicitFileType = wrapper.cfbundle; includeInIndex = 0; path = "mobile-inboxTests.xctest"; sourceTree = BUILT_PRODUCTS_DIR; };
		F3E73C741F23451500920EAD /* mobile_inboxTests.swift */ = {isa = PBXFileReference; lastKnownFileType = sourcecode.swift; path = mobile_inboxTests.swift; sourceTree = "<group>"; };
		F3E73C761F23451500920EAD /* Info.plist */ = {isa = PBXFileReference; lastKnownFileType = text.plist.xml; path = Info.plist; sourceTree = "<group>"; };
		F3E73C7B1F23451500920EAD /* mobile-inboxUITests.xctest */ = {isa = PBXFileReference; explicitFileType = wrapper.cfbundle; includeInIndex = 0; path = "mobile-inboxUITests.xctest"; sourceTree = BUILT_PRODUCTS_DIR; };
		F3E73C7F1F23451500920EAD /* mobile_inboxUITests.swift */ = {isa = PBXFileReference; lastKnownFileType = sourcecode.swift; path = mobile_inboxUITests.swift; sourceTree = "<group>"; };
		F3E73C811F23451500920EAD /* Info.plist */ = {isa = PBXFileReference; lastKnownFileType = text.plist.xml; path = Info.plist; sourceTree = "<group>"; };
		F3E73C8E1F23493B00920EAD /* RestProtocol.swift */ = {isa = PBXFileReference; fileEncoding = 4; lastKnownFileType = sourcecode.swift; name = RestProtocol.swift; path = OpenIAM/Sources/RestProtocol.swift; sourceTree = "<group>"; };
		F3E73C901F234A4800920EAD /* RestHelper.swift */ = {isa = PBXFileReference; fileEncoding = 4; lastKnownFileType = sourcecode.swift; name = RestHelper.swift; path = OpenIAM/Sources/RestHelper.swift; sourceTree = "<group>"; };
/* End PBXFileReference section */

/* Begin PBXFrameworksBuildPhase section */
		F3E73C591F23451500920EAD /* Frameworks */ = {
			isa = PBXFrameworksBuildPhase;
			buildActionMask = 2147483647;
			files = (
				B321066E95D1126F3C021575 /* Pods_mobile_inbox.framework in Frameworks */,
			);
			runOnlyForDeploymentPostprocessing = 0;
		};
		F3E73C6D1F23451500920EAD /* Frameworks */ = {
			isa = PBXFrameworksBuildPhase;
			buildActionMask = 2147483647;
			files = (
			);
			runOnlyForDeploymentPostprocessing = 0;
		};
		F3E73C781F23451500920EAD /* Frameworks */ = {
			isa = PBXFrameworksBuildPhase;
			buildActionMask = 2147483647;
			files = (
			);
			runOnlyForDeploymentPostprocessing = 0;
		};
/* End PBXFrameworksBuildPhase section */

/* Begin PBXGroup section */
		0DE559E034F93834CD073DDE /* Frameworks */ = {
			isa = PBXGroup;
			children = (
				9BAD34C4D9B4D71718C8895E /* Pods_mobile_inbox.framework */,
			);
			name = Frameworks;
			sourceTree = "<group>";
		};
		EAC3165B77927DAA9583E54F /* Pods */ = {
			isa = PBXGroup;
			children = (
				6B04C086585D4CF095ECBBEB /* Pods-mobile-inbox.debug.xcconfig */,
				2947AF1B8E7FADC6E1929AAA /* Pods-mobile-inbox.release.xcconfig */,
			);
			name = Pods;
			sourceTree = "<group>";
		};
		F3E73C531F23451500920EAD = {
			isa = PBXGroup;
			children = (
				F3E73C5E1F23451500920EAD /* mobile-inbox */,
				F3E73C731F23451500920EAD /* mobile-inboxTests */,
				F3E73C7E1F23451500920EAD /* mobile-inboxUITests */,
				F3E73C5D1F23451500920EAD /* Products */,
				EAC3165B77927DAA9583E54F /* Pods */,
				0DE559E034F93834CD073DDE /* Frameworks */,
			);
			sourceTree = "<group>";
		};
		F3E73C5D1F23451500920EAD /* Products */ = {
			isa = PBXGroup;
			children = (
				F3E73C5C1F23451500920EAD /* mobile-inbox.app */,
				F3E73C701F23451500920EAD /* mobile-inboxTests.xctest */,
				F3E73C7B1F23451500920EAD /* mobile-inboxUITests.xctest */,
			);
			name = Products;
			sourceTree = "<group>";
		};
		F3E73C5E1F23451500920EAD /* mobile-inbox */ = {
			isa = PBXGroup;
			children = (
				F3E73C8D1F2348BC00920EAD /* Auth */,
				F3E73C5F1F23451500920EAD /* AppDelegate.swift */,
				F3E73C611F23451500920EAD /* ViewController.swift */,
				F3E73C631F23451500920EAD /* Main.storyboard */,
				F3E73C661F23451500920EAD /* Assets.xcassets */,
				F3E73C681F23451500920EAD /* LaunchScreen.storyboard */,
				F3E73C6B1F23451500920EAD /* Info.plist */,
			);
			path = "mobile-inbox";
			sourceTree = "<group>";
		};
		F3E73C731F23451500920EAD /* mobile-inboxTests */ = {
			isa = PBXGroup;
			children = (
				F3E73C741F23451500920EAD /* mobile_inboxTests.swift */,
				F3E73C761F23451500920EAD /* Info.plist */,
			);
			path = "mobile-inboxTests";
			sourceTree = "<group>";
		};
		F3E73C7E1F23451500920EAD /* mobile-inboxUITests */ = {
			isa = PBXGroup;
			children = (
				F3E73C7F1F23451500920EAD /* mobile_inboxUITests.swift */,
				F3E73C811F23451500920EAD /* Info.plist */,
			);
			path = "mobile-inboxUITests";
			sourceTree = "<group>";
		};
		F3E73C8D1F2348BC00920EAD /* Auth */ = {
			isa = PBXGroup;
			children = (
				F310E95A1F2391E1005D8F46 /* LoginExample */,
				F3E73C8E1F23493B00920EAD /* RestProtocol.swift */,
				F3E73C901F234A4800920EAD /* RestHelper.swift */,
				F310E9581F238CE5005D8F46 /* AuthCookieClient.swift */,
			);
			name = Auth;
			sourceTree = "<group>";
		};
/* End PBXGroup section */

/* Begin PBXNativeTarget section */
		F3E73C5B1F23451500920EAD /* mobile-inbox */ = {
			isa = PBXNativeTarget;
			buildConfigurationList = F3E73C841F23451500920EAD /* Build configuration list for PBXNativeTarget "mobile-inbox" */;
			buildPhases = (
				35EC196FA99B653FDC2FC069 /* [CP] Check Pods Manifest.lock */,
				F3E73C581F23451500920EAD /* Sources */,
				F3E73C591F23451500920EAD /* Frameworks */,
				F3E73C5A1F23451500920EAD /* Resources */,
				748A75C328EA7D328AF9AB7E /* [CP] Embed Pods Frameworks */,
				1ADF4EB1B770219580775515 /* [CP] Copy Pods Resources */,
			);
			buildRules = (
			);
			dependencies = (
			);
			name = "mobile-inbox";
			productName = "mobile-inbox";
			productReference = F3E73C5C1F23451500920EAD /* mobile-inbox.app */;
			productType = "com.apple.product-type.application";
		};
		F3E73C6F1F23451500920EAD /* mobile-inboxTests */ = {
			isa = PBXNativeTarget;
			buildConfigurationList = F3E73C871F23451500920EAD /* Build configuration list for PBXNativeTarget "mobile-inboxTests" */;
			buildPhases = (
				F3E73C6C1F23451500920EAD /* Sources */,
				F3E73C6D1F23451500920EAD /* Frameworks */,
				F3E73C6E1F23451500920EAD /* Resources */,
			);
			buildRules = (
			);
			dependencies = (
				F3E73C721F23451500920EAD /* PBXTargetDependency */,
			);
			name = "mobile-inboxTests";
			productName = "mobile-inboxTests";
			productReference = F3E73C701F23451500920EAD /* mobile-inboxTests.xctest */;
			productType = "com.apple.product-type.bundle.unit-test";
		};
		F3E73C7A1F23451500920EAD /* mobile-inboxUITests */ = {
			isa = PBXNativeTarget;
			buildConfigurationList = F3E73C8A1F23451500920EAD /* Build configuration list for PBXNativeTarget "mobile-inboxUITests" */;
			buildPhases = (
				F3E73C771F23451500920EAD /* Sources */,
				F3E73C781F23451500920EAD /* Frameworks */,
				F3E73C791F23451500920EAD /* Resources */,
			);
			buildRules = (
			);
			dependencies = (
				F3E73C7D1F23451500920EAD /* PBXTargetDependency */,
			);
			name = "mobile-inboxUITests";
			productName = "mobile-inboxUITests";
			productReference = F3E73C7B1F23451500920EAD /* mobile-inboxUITests.xctest */;
			productType = "com.apple.product-type.bundle.ui-testing";
		};
/* End PBXNativeTarget section */

/* Begin PBXProject section */
		F3E73C541F23451500920EAD /* Project object */ = {
			isa = PBXProject;
			attributes = {
				LastSwiftUpdateCheck = 0830;
				LastUpgradeCheck = 0830;
				ORGANIZATIONNAME = "Alexander Lesin";
				TargetAttributes = {
					F3E73C5B1F23451500920EAD = {
						CreatedOnToolsVersion = 8.3.2;
						ProvisioningStyle = Automatic;
					};
					F3E73C6F1F23451500920EAD = {
						CreatedOnToolsVersion = 8.3.2;
						ProvisioningStyle = Automatic;
						TestTargetID = F3E73C5B1F23451500920EAD;
					};
					F3E73C7A1F23451500920EAD = {
						CreatedOnToolsVersion = 8.3.2;
						ProvisioningStyle = Automatic;
						TestTargetID = F3E73C5B1F23451500920EAD;
					};
				};
			};
			buildConfigurationList = F3E73C571F23451500920EAD /* Build configuration list for PBXProject "mobile-inbox" */;
			compatibilityVersion = "Xcode 3.2";
			developmentRegion = English;
			hasScannedForEncodings = 0;
			knownRegions = (
				en,
				Base,
			);
			mainGroup = F3E73C531F23451500920EAD;
			productRefGroup = F3E73C5D1F23451500920EAD /* Products */;
			projectDirPath = "";
			projectRoot = "";
			targets = (
				F3E73C5B1F23451500920EAD /* mobile-inbox */,
				F3E73C6F1F23451500920EAD /* mobile-inboxTests */,
				F3E73C7A1F23451500920EAD /* mobile-inboxUITests */,
			);
		};
/* End PBXProject section */

/* Begin PBXResourcesBuildPhase section */
		F3E73C5A1F23451500920EAD /* Resources */ = {
			isa = PBXResourcesBuildPhase;
			buildActionMask = 2147483647;
			files = (
				F3E73C6A1F23451500920EAD /* LaunchScreen.storyboard in Resources */,
				F310E95B1F2391E1005D8F46 /* LoginExample in Resources */,
				F3E73C671F23451500920EAD /* Assets.xcassets in Resources */,
				F3E73C651F23451500920EAD /* Main.storyboard in Resources */,
			);
			runOnlyForDeploymentPostprocessing = 0;
		};
		F3E73C6E1F23451500920EAD /* Resources */ = {
			isa = PBXResourcesBuildPhase;
			buildActionMask = 2147483647;
			files = (
			);
			runOnlyForDeploymentPostprocessing = 0;
		};
		F3E73C791F23451500920EAD /* Resources */ = {
			isa = PBXResourcesBuildPhase;
			buildActionMask = 2147483647;
			files = (
			);
			runOnlyForDeploymentPostprocessing = 0;
		};
/* End PBXResourcesBuildPhase section */

/* Begin PBXShellScriptBuildPhase section */
		1ADF4EB1B770219580775515 /* [CP] Copy Pods Resources */ = {
			isa = PBXShellScriptBuildPhase;
			buildActionMask = 2147483647;
			files = (
			);
			inputPaths = (
			);
			name = "[CP] Copy Pods Resources";
			outputPaths = (
			);
			runOnlyForDeploymentPostprocessing = 0;
			shellPath = /bin/sh;
			shellScript = "\"${SRCROOT}/Pods/Target Support Files/Pods-mobile-inbox/Pods-mobile-inbox-resources.sh\"\n";
			showEnvVarsInLog = 0;
		};
		35EC196FA99B653FDC2FC069 /* [CP] Check Pods Manifest.lock */ = {
			isa = PBXShellScriptBuildPhase;
			buildActionMask = 2147483647;
			files = (
			);
			inputPaths = (
			);
			name = "[CP] Check Pods Manifest.lock";
			outputPaths = (
			);
			runOnlyForDeploymentPostprocessing = 0;
			shellPath = /bin/sh;
			shellScript = "diff \"${PODS_PODFILE_DIR_PATH}/Podfile.lock\" \"${PODS_ROOT}/Manifest.lock\" > /dev/null\nif [ $? != 0 ] ; then\n    # print error to STDERR\n    echo \"error: The sandbox is not in sync with the Podfile.lock. Run 'pod install' or update your CocoaPods installation.\" >&2\n    exit 1\nfi\n";
			showEnvVarsInLog = 0;
		};
		748A75C328EA7D328AF9AB7E /* [CP] Embed Pods Frameworks */ = {
			isa = PBXShellScriptBuildPhase;
			buildActionMask = 2147483647;
			files = (
			);
			inputPaths = (
			);
			name = "[CP] Embed Pods Frameworks";
			outputPaths = (
			);
			runOnlyForDeploymentPostprocessing = 0;
			shellPath = /bin/sh;
			shellScript = "\"${SRCROOT}/Pods/Target Support Files/Pods-mobile-inbox/Pods-mobile-inbox-frameworks.sh\"\n";
			showEnvVarsInLog = 0;
		};
/* End PBXShellScriptBuildPhase section */

/* Begin PBXSourcesBuildPhase section */
		F3E73C581F23451500920EAD /* Sources */ = {
			isa = PBXSourcesBuildPhase;
			buildActionMask = 2147483647;
			files = (
				F3E73C8F1F23493B00920EAD /* RestProtocol.swift in Sources */,
				F310E9591F238CE5005D8F46 /* AuthCookieClient.swift in Sources */,
				F3E73C911F234A4800920EAD /* RestHelper.swift in Sources */,
				F3E73C621F23451500920EAD /* ViewController.swift in Sources */,
				F3E73C601F23451500920EAD /* AppDelegate.swift in Sources */,
			);
			runOnlyForDeploymentPostprocessing = 0;
		};
		F3E73C6C1F23451500920EAD /* Sources */ = {
			isa = PBXSourcesBuildPhase;
			buildActionMask = 2147483647;
			files = (
				F3E73C751F23451500920EAD /* mobile_inboxTests.swift in Sources */,
			);
			runOnlyForDeploymentPostprocessing = 0;
		};
		F3E73C771F23451500920EAD /* Sources */ = {
			isa = PBXSourcesBuildPhase;
			buildActionMask = 2147483647;
			files = (
				F3E73C801F23451500920EAD /* mobile_inboxUITests.swift in Sources */,
			);
			runOnlyForDeploymentPostprocessing = 0;
		};
/* End PBXSourcesBuildPhase section */

/* Begin PBXTargetDependency section */
		F3E73C721F23451500920EAD /* PBXTargetDependency */ = {
			isa = PBXTargetDependency;
			target = F3E73C5B1F23451500920EAD /* mobile-inbox */;
			targetProxy = F3E73C711F23451500920EAD /* PBXContainerItemProxy */;
		};
		F3E73C7D1F23451500920EAD /* PBXTargetDependency */ = {
			isa = PBXTargetDependency;
			target = F3E73C5B1F23451500920EAD /* mobile-inbox */;
			targetProxy = F3E73C7C1F23451500920EAD /* PBXContainerItemProxy */;
		};
/* End PBXTargetDependency section */

/* Begin PBXVariantGroup section */
		F3E73C631F23451500920EAD /* Main.storyboard */ = {
			isa = PBXVariantGroup;
			children = (
				F3E73C641F23451500920EAD /* Base */,
			);
			name = Main.storyboard;
			sourceTree = "<group>";
		};
		F3E73C681F23451500920EAD /* LaunchScreen.storyboard */ = {
			isa = PBXVariantGroup;
			children = (
				F3E73C691F23451500920EAD /* Base */,
			);
			name = LaunchScreen.storyboard;
			sourceTree = "<group>";
		};
/* End PBXVariantGroup section */

/* Begin XCBuildConfiguration section */
		F3E73C821F23451500920EAD /* Debug */ = {
			isa = XCBuildConfiguration;
			buildSettings = {
				ALWAYS_SEARCH_USER_PATHS = NO;
				CLANG_ANALYZER_NONNULL = YES;
				CLANG_ANALYZER_NUMBER_OBJECT_CONVERSION = YES_AGGRESSIVE;
				CLANG_CXX_LANGUAGE_STANDARD = "gnu++0x";
				CLANG_CXX_LIBRARY = "libc++";
				CLANG_ENABLE_MODULES = YES;
				CLANG_ENABLE_OBJC_ARC = YES;
				CLANG_WARN_BOOL_CONVERSION = YES;
				CLANG_WARN_CONSTANT_CONVERSION = YES;
				CLANG_WARN_DIRECT_OBJC_ISA_USAGE = YES_ERROR;
				CLANG_WARN_DOCUMENTATION_COMMENTS = YES;
				CLANG_WARN_EMPTY_BODY = YES;
				CLANG_WARN_ENUM_CONVERSION = YES;
				CLANG_WARN_INFINITE_RECURSION = YES;
				CLANG_WARN_INT_CONVERSION = YES;
				CLANG_WARN_OBJC_ROOT_CLASS = YES_ERROR;
				CLANG_WARN_SUSPICIOUS_MOVE = YES;
				CLANG_WARN_UNREACHABLE_CODE = YES;
				CLANG_WARN__DUPLICATE_METHOD_MATCH = YES;
				"CODE_SIGN_IDENTITY[sdk=iphoneos*]" = "iPhone Developer";
				COPY_PHASE_STRIP = NO;
				DEBUG_INFORMATION_FORMAT = dwarf;
				ENABLE_STRICT_OBJC_MSGSEND = YES;
				ENABLE_TESTABILITY = YES;
				GCC_C_LANGUAGE_STANDARD = gnu99;
				GCC_DYNAMIC_NO_PIC = NO;
				GCC_NO_COMMON_BLOCKS = YES;
				GCC_OPTIMIZATION_LEVEL = 0;
				GCC_PREPROCESSOR_DEFINITIONS = (
					"DEBUG=1",
					"$(inherited)",
				);
				GCC_WARN_64_TO_32_BIT_CONVERSION = YES;
				GCC_WARN_ABOUT_RETURN_TYPE = YES_ERROR;
				GCC_WARN_UNDECLARED_SELECTOR = YES;
				GCC_WARN_UNINITIALIZED_AUTOS = YES_AGGRESSIVE;
				GCC_WARN_UNUSED_FUNCTION = YES;
				GCC_WARN_UNUSED_VARIABLE = YES;
				IPHONEOS_DEPLOYMENT_TARGET = 10.3;
				MTL_ENABLE_DEBUG_INFO = YES;
				ONLY_ACTIVE_ARCH = YES;
				SDKROOT = iphoneos;
				SWIFT_ACTIVE_COMPILATION_CONDITIONS = DEBUG;
				SWIFT_OPTIMIZATION_LEVEL = "-Onone";
				TARGETED_DEVICE_FAMILY = "1,2";
			};
			name = Debug;
		};
		F3E73C831F23451500920EAD /* Release */ = {
			isa = XCBuildConfiguration;
			buildSettings = {
				ALWAYS_SEARCH_USER_PATHS = NO;
				CLANG_ANALYZER_NONNULL = YES;
				CLANG_ANALYZER_NUMBER_OBJECT_CONVERSION = YES_AGGRESSIVE;
				CLANG_CXX_LANGUAGE_STANDARD = "gnu++0x";
				CLANG_CXX_LIBRARY = "libc++";
				CLANG_ENABLE_MODULES = YES;
				CLANG_ENABLE_OBJC_ARC = YES;
				CLANG_WARN_BOOL_CONVERSION = YES;
				CLANG_WARN_CONSTANT_CONVERSION = YES;
				CLANG_WARN_DIRECT_OBJC_ISA_USAGE = YES_ERROR;
				CLANG_WARN_DOCUMENTATION_COMMENTS = YES;
				CLANG_WARN_EMPTY_BODY = YES;
				CLANG_WARN_ENUM_CONVERSION = YES;
				CLANG_WARN_INFINITE_RECURSION = YES;
				CLANG_WARN_INT_CONVERSION = YES;
				CLANG_WARN_OBJC_ROOT_CLASS = YES_ERROR;
				CLANG_WARN_SUSPICIOUS_MOVE = YES;
				CLANG_WARN_UNREACHABLE_CODE = YES;
				CLANG_WARN__DUPLICATE_METHOD_MATCH = YES;
				"CODE_SIGN_IDENTITY[sdk=iphoneos*]" = "iPhone Developer";
				COPY_PHASE_STRIP = NO;
				DEBUG_INFORMATION_FORMAT = "dwarf-with-dsym";
				ENABLE_NS_ASSERTIONS = NO;
				ENABLE_STRICT_OBJC_MSGSEND = YES;
				GCC_C_LANGUAGE_STANDARD = gnu99;
				GCC_NO_COMMON_BLOCKS = YES;
				GCC_WARN_64_TO_32_BIT_CONVERSION = YES;
				GCC_WARN_ABOUT_RETURN_TYPE = YES_ERROR;
				GCC_WARN_UNDECLARED_SELECTOR = YES;
				GCC_WARN_UNINITIALIZED_AUTOS = YES_AGGRESSIVE;
				GCC_WARN_UNUSED_FUNCTION = YES;
				GCC_WARN_UNUSED_VARIABLE = YES;
				IPHONEOS_DEPLOYMENT_TARGET = 10.3;
				MTL_ENABLE_DEBUG_INFO = NO;
				SDKROOT = iphoneos;
				SWIFT_OPTIMIZATION_LEVEL = "-Owholemodule";
				TARGETED_DEVICE_FAMILY = "1,2";
				VALIDATE_PRODUCT = YES;
			};
			name = Release;
		};
		F3E73C851F23451500920EAD /* Debug */ = {
			isa = XCBuildConfiguration;
			baseConfigurationReference = 6B04C086585D4CF095ECBBEB /* Pods-mobile-inbox.debug.xcconfig */;
			buildSettings = {
				ASSETCATALOG_COMPILER_APPICON_NAME = AppIcon;
				INFOPLIST_FILE = "mobile-inbox/Info.plist";
				LD_RUNPATH_SEARCH_PATHS = "$(inherited) @executable_path/Frameworks";
				PRODUCT_BUNDLE_IDENTIFIER = "OpenIAM.mobile-inbox";
				PRODUCT_NAME = "$(TARGET_NAME)";
				SWIFT_VERSION = 3.0;
			};
			name = Debug;
		};
		F3E73C861F23451500920EAD /* Release */ = {
			isa = XCBuildConfiguration;
			baseConfigurationReference = 2947AF1B8E7FADC6E1929AAA /* Pods-mobile-inbox.release.xcconfig */;
			buildSettings = {
				ASSETCATALOG_COMPILER_APPICON_NAME = AppIcon;
				INFOPLIST_FILE = "mobile-inbox/Info.plist";
				LD_RUNPATH_SEARCH_PATHS = "$(inherited) @executable_path/Frameworks";
				PRODUCT_BUNDLE_IDENTIFIER = "OpenIAM.mobile-inbox";
				PRODUCT_NAME = "$(TARGET_NAME)";
				SWIFT_VERSION = 3.0;
			};
			name = Release;
		};
		F3E73C881F23451500920EAD /* Debug */ = {
			isa = XCBuildConfiguration;
			buildSettings = {
				ALWAYS_EMBED_SWIFT_STANDARD_LIBRARIES = YES;
				BUNDLE_LOADER = "$(TEST_HOST)";
				INFOPLIST_FILE = "mobile-inboxTests/Info.plist";
				LD_RUNPATH_SEARCH_PATHS = "$(inherited) @executable_path/Frameworks @loader_path/Frameworks";
				PRODUCT_BUNDLE_IDENTIFIER = "OpenIAM.mobile-inboxTests";
				PRODUCT_NAME = "$(TARGET_NAME)";
				SWIFT_VERSION = 3.0;
				TEST_HOST = "$(BUILT_PRODUCTS_DIR)/mobile-inbox.app/mobile-inbox";
			};
			name = Debug;
		};
		F3E73C891F23451500920EAD /* Release */ = {
			isa = XCBuildConfiguration;
			buildSettings = {
				ALWAYS_EMBED_SWIFT_STANDARD_LIBRARIES = YES;
				BUNDLE_LOADER = "$(TEST_HOST)";
				INFOPLIST_FILE = "mobile-inboxTests/Info.plist";
				LD_RUNPATH_SEARCH_PATHS = "$(inherited) @executable_path/Frameworks @loader_path/Frameworks";
				PRODUCT_BUNDLE_IDENTIFIER = "OpenIAM.mobile-inboxTests";
				PRODUCT_NAME = "$(TARGET_NAME)";
				SWIFT_VERSION = 3.0;
				TEST_HOST = "$(BUILT_PRODUCTS_DIR)/mobile-inbox.app/mobile-inbox";
			};
			name = Release;
		};
		F3E73C8B1F23451500920EAD /* Debug */ = {
			isa = XCBuildConfiguration;
			buildSettings = {
				ALWAYS_EMBED_SWIFT_STANDARD_LIBRARIES = YES;
				INFOPLIST_FILE = "mobile-inboxUITests/Info.plist";
				LD_RUNPATH_SEARCH_PATHS = "$(inherited) @executable_path/Frameworks @loader_path/Frameworks";
				PRODUCT_BUNDLE_IDENTIFIER = "OpenIAM.mobile-inboxUITests";
				PRODUCT_NAME = "$(TARGET_NAME)";
				SWIFT_VERSION = 3.0;
				TEST_TARGET_NAME = "mobile-inbox";
			};
			name = Debug;
		};
		F3E73C8C1F23451500920EAD /* Release */ = {
			isa = XCBuildConfiguration;
			buildSettings = {
				ALWAYS_EMBED_SWIFT_STANDARD_LIBRARIES = YES;
				INFOPLIST_FILE = "mobile-inboxUITests/Info.plist";
				LD_RUNPATH_SEARCH_PATHS = "$(inherited) @executable_path/Frameworks @loader_path/Frameworks";
				PRODUCT_BUNDLE_IDENTIFIER = "OpenIAM.mobile-inboxUITests";
				PRODUCT_NAME = "$(TARGET_NAME)";
				SWIFT_VERSION = 3.0;
				TEST_TARGET_NAME = "mobile-inbox";
			};
			name = Release;
		};
/* End XCBuildConfiguration section */

/* Begin XCConfigurationList section */
		F3E73C571F23451500920EAD /* Build configuration list for PBXProject "mobile-inbox" */ = {
			isa = XCConfigurationList;
			buildConfigurations = (
				F3E73C821F23451500920EAD /* Debug */,
				F3E73C831F23451500920EAD /* Release */,
			);
			defaultConfigurationIsVisible = 0;
			defaultConfigurationName = Release;
		};
		F3E73C841F23451500920EAD /* Build configuration list for PBXNativeTarget "mobile-inbox" */ = {
			isa = XCConfigurationList;
			buildConfigurations = (
				F3E73C851F23451500920EAD /* Debug */,
				F3E73C861F23451500920EAD /* Release */,
			);
			defaultConfigurationIsVisible = 0;
			defaultConfigurationName = Release;
		};
		F3E73C871F23451500920EAD /* Build configuration list for PBXNativeTarget "mobile-inboxTests" */ = {
			isa = XCConfigurationList;
			buildConfigurations = (
				F3E73C881F23451500920EAD /* Debug */,
				F3E73C891F23451500920EAD /* Release */,
			);
			defaultConfigurationIsVisible = 0;
			defaultConfigurationName = Release;
		};
		F3E73C8A1F23451500920EAD /* Build configuration list for PBXNativeTarget "mobile-inboxUITests" */ = {
			isa = XCConfigurationList;
			buildConfigurations = (
				F3E73C8B1F23451500920EAD /* Debug */,
				F3E73C8C1F23451500920EAD /* Release */,
			);
			defaultConfigurationIsVisible = 0;
			defaultConfigurationName = Release;
		};
/* End XCConfigurationList section */
	};
	rootObject = F3E73C541F23451500920EAD /* Project object */;
}
